
Microsoft Visual Studio Solution File, Format Version 12.00
# Visual Studio Version 16
VisualStudioVersion = 16.0.32929.386
MinimumVisualStudioVersion = 10.0.40219.1
Project("{F184B08F-C81C-45F6-A57F-5ABD9991F28F}") = "20880285", "20880285\20880285.vbproj", "{3395FD13-FAE8-4672-A83C-1DE50AC620D6}"
EndProject
Global
	GlobalSection(SolutionConfigurationPlatforms) = preSolution
		Debug|Any CPU = Debug|Any CPU
		Release|Any CPU = Release|Any CPU
	EndGlobalSection
	GlobalSection(ProjectConfigurationPlatforms) = postSolution
		{3395FD13-FAE8-4672-A83C-1DE50AC620D6}.Debug|Any CPU.ActiveCfg = Debug|Any CPU
		{3395FD13-FAE8-4672-A83C-1DE50AC620D6}.Debug|Any CPU.Build.0 = Debug|Any CPU
		{3395FD13-FAE8-4672-A83C-1DE50AC620D6}.Release|Any CPU.ActiveCfg = Release|Any CPU
		{3395FD13-FAE8-4672-A83C-1DE50AC620D6}.Release|Any CPU.Build.0 = Release|Any CPU
	EndGlobalSection
	GlobalSection(SolutionProperties) = preSolution
		HideSolutionNode = FALSE
	EndGlobalSection
	GlobalSection(ExtensibilityGlobals) = postSolution
		SolutionGuid = {678C6298-1FA1-40FB-BCA1-CF7738F96B96}
	EndGlobalSection
EndGlobal
